
Microsoft Visual Studio Solution File, Format Version 12.00
Project("{FAE04EC0-301F-11D3-BF4B-00C04F79EFBC}") = "BnsShopWeb", "BnsShopWeb\BnsShopWeb.csproj", "{DAA0A4D1-C355-4EE3-BF6C-D4D0F4393BB6}"
EndProject
Global
	GlobalSection(SolutionConfigurationPlatforms) = preSolution
		Debug|Any CPU = Debug|Any CPU
		Release|Any CPU = Release|Any CPU
	EndGlobalSection
	GlobalSection(ProjectConfigurationPlatforms) = postSolution
		{DAA0A4D1-C355-4EE3-BF6C-D4D0F4393BB6}.Debug|Any CPU.ActiveCfg = Debug|Any CPU
		{DAA0A4D1-C355-4EE3-BF6C-D4D0F4393BB6}.Debug|Any CPU.Build.0 = Debug|Any CPU
		{DAA0A4D1-C355-4EE3-BF6C-D4D0F4393BB6}.Release|Any CPU.ActiveCfg = Release|Any CPU
		{DAA0A4D1-C355-4EE3-BF6C-D4D0F4393BB6}.Release|Any CPU.Build.0 = Release|Any CPU
	EndGlobalSection
EndGlobal
